
Microsoft Visual Studio Solution File, Format Version 12.00
# Visual Studio Version 16
VisualStudioVersion = 16.0.31515.178
MinimumVisualStudioVersion = 10.0.40219.1
Project("{FAE04EC0-301F-11D3-BF4B-00C04F79EFBC}") = "TestNetCoreX", "TestNetCoreX\TestNetCoreX.csproj", "{D0633892-B475-47AA-8EC6-A2A24B1DE28C}"
EndProject
Global
	GlobalSection(SolutionConfigurationPlatforms) = preSolution
		Debug|Any CPU = Debug|Any CPU
		Release|Any CPU = Release|Any CPU
	EndGlobalSection
	GlobalSection(ProjectConfigurationPlatforms) = postSolution
		{D0633892-B475-47AA-8EC6-A2A24B1DE28C}.Debug|Any CPU.ActiveCfg = Debug|Any CPU
		{D0633892-B475-47AA-8EC6-A2A24B1DE28C}.Debug|Any CPU.Build.0 = Debug|Any CPU
		{D0633892-B475-47AA-8EC6-A2A24B1DE28C}.Release|Any CPU.ActiveCfg = Release|Any CPU
		{D0633892-B475-47AA-8EC6-A2A24B1DE28C}.Release|Any CPU.Build.0 = Release|Any CPU
	EndGlobalSection
	GlobalSection(SolutionProperties) = preSolution
		HideSolutionNode = FALSE
	EndGlobalSection
	GlobalSection(ExtensibilityGlobals) = postSolution
		SolutionGuid = {213DC03A-9315-4ED4-A0A3-7F4F64B3E8C7}
	EndGlobalSection
EndGlobal
